# This file is automatically @generated by Cargo.
# It is not intended for manual editing.
version = 4

[[package]]
name = "inline-json5"
version = "0.1.2"
dependencies = [
 "inline-json5_macro",
 "json",
]

[[package]]
name = "inline-json5_macro"
version = "0.1.2"
dependencies = [
 "loess",
 "proc-macro2",
]

[[package]]
name = "json"
version = "0.12.4"
source = "registry+https://github.com/rust-lang/crates.io-index"
checksum = "078e285eafdfb6c4b434e0d31e8cfcb5115b651496faca5749b88fafd4f23bfd"

[[package]]
name = "loess"
version = "0.2.3"
source = "registry+https://github.com/rust-lang/crates.io-index"
checksum = "721f03e41e264aabe443da0313212f1384ff3b1da4ca8130150be8f5359a0861"
dependencies = [
 "proc-macro2",
]

[[package]]
name = "proc-macro2"
version = "1.0.95"
source = "registry+https://github.com/rust-lang/crates.io-index"
checksum = "02b3e5e68a3a1a02aad3ec490a98007cbc13c37cbe84a3cd7b8e406d76e7f778"
dependencies = [
 "unicode-ident",
]

[[package]]
name = "unicode-ident"
version = "1.0.18"
source = "registry+https://github.com/rust-lang/crates.io-index"
checksum = "5a5f39404a5da50712a4c1eecf25e90dd62b613502b7e925fd4e4d19b5c96512"
